{
    "_readme": [
        "This file locks the dependencies of your project to a known state",
        "Read more about it at https://getcomposer.org/doc/01-basic-usage.md#installing-dependencies",
        "This file is @generated automatically"
    ],
    "content-hash": "7d9dcabf740ea9fb1ce01a4f6ee5e863",
    "packages": [
        {
            "name": "abraham/twitteroauth",
            "version": "3.1.0",
            "source": {
                "type": "git",
                "url": "https://github.com/abraham/twitteroauth.git",
                "reference": "51a502cde3c4f414ea0f98827afbeca1f19dfe2d"
            },
            "dist": {
                "type": "zip",
                "url": "https://api.github.com/repos/abraham/twitteroauth/zipball/51a502cde3c4f414ea0f98827afbeca1f19dfe2d",
                "reference": "51a502cde3c4f414ea0f98827afbeca1f19dfe2d",
                "shasum": ""
            },
            "require": {
                "composer/ca-bundle": "^1.2",
                "ext-curl": "*",
                "php": "^7.3 || ^7.4 || ^8.0"
            },
            "require-dev": {
                "php-vcr/php-vcr": "^1",
                "php-vcr/phpunit-testlistener-vcr": "dev-php-8",
                "phpmd/phpmd": "^2",
                "phpunit/phpunit": "^8 || ^9",
                "squizlabs/php_codesniffer": "^3"
            },
            "type": "library",
            "autoload": {
                "psr-4": {
                    "Abraham\\TwitterOAuth\\": "src"
                }
            },
            "notification-url": "https://packagist.org/downloads/",
            "license": [
                "MIT"
            ],
            "authors": [
                {
                    "name": "Abraham Williams",
                    "email": "abraham@abrah.am",
                    "homepage": "https://abrah.am",
                    "role": "Developer"
                }
            ],
            "description": "The most popular PHP library for use with the Twitter OAuth REST API.",
            "homepage": "https://twitteroauth.com",
            "keywords": [
                "Twitter API",
                "Twitter oAuth",
                "api",
                "oauth",
                "rest",
                "social",
                "twitter"
            ],
            "time": "2021-07-19T00:42:49+00:00"
        },
        {
            "name": "composer/ca-bundle",
            "version": "1.2.10",
            "source": {
                "type": "git",
                "url": "https://github.com/composer/ca-bundle.git",
                "reference": "9fdb22c2e97a614657716178093cd1da90a64aa8"
            },
            "dist": {
                "type": "zip",
                "url": "https://api.github.com/repos/composer/ca-bundle/zipball/9fdb22c2e97a614657716178093cd1da90a64aa8",
                "reference": "9fdb22c2e97a614657716178093cd1da90a64aa8",
                "shasum": ""
            },
            "require": {
                "ext-openssl": "*",
                "ext-pcre": "*",
                "php": "^5.3.2 || ^7.0 || ^8.0"
            },
            "require-dev": {
                "phpstan/phpstan": "^0.12.55",
                "psr/log": "^1.0",
                "symfony/phpunit-bridge": "^4.2 || ^5",
                "symfony/process": "^2.5 || ^3.0 || ^4.0 || ^5.0"
            },
            "type": "library",
            "extra": {
                "branch-alias": {
                    "dev-main": "1.x-dev"
                }
            },
            "autoload": {
                "psr-4": {
                    "Composer\\CaBundle\\": "src"
                }
            },
            "notification-url": "https://packagist.org/downloads/",
            "license": [
                "MIT"
            ],
            "authors": [
                {
                    "name": "Jordi Boggiano",
                    "email": "j.boggiano@seld.be",
                    "homepage": "http://seld.be"
                }
            ],
            "description": "Lets you find a path to the system CA bundle, and includes a fallback to the Mozilla CA bundle.",
            "keywords": [
                "cabundle",
                "cacert",
                "certificate",
                "ssl",
                "tls"
            ],
            "time": "2021-06-07T13:58:28+00:00"
        },
        {
            "name": "latte/latte",
            "version": "v2.10.3",
            "source": {
                "type": "git",
                "url": "https://github.com/nette/latte.git",
                "reference": "dd2c58863e830c22a2c6b85af63f37b829d255df"
            },
            "dist": {
                "type": "zip",
                "url": "https://api.github.com/repos/nette/latte/zipball/dd2c58863e830c22a2c6b85af63f37b829d255df",
                "reference": "dd2c58863e830c22a2c6b85af63f37b829d255df",
                "shasum": ""
            },
            "require": {
                "ext-json": "*",
                "ext-tokenizer": "*",
                "php": ">=7.1 <8.1"
            },
            "conflict": {
                "nette/application": "<2.4.1"
            },
            "require-dev": {
                "nette/php-generator": "^3.3.4",
                "nette/tester": "~2.0",
                "nette/utils": "^3.0",
                "phpstan/phpstan": "^0.12",
                "tracy/tracy": "^2.3"
            },
            "suggest": {
                "ext-fileinfo": "to use filter |datastream",
                "ext-iconv": "to use filters |reverse, |substring",
                "ext-mbstring": "to use filters like lower, upper, capitalize, ...",
                "nette/php-generator": "to use tag {templatePrint}",
                "nette/utils": "to use filter |webalize"
            },
            "type": "library",
            "extra": {
                "branch-alias": {
                    "dev-master": "2.10-dev"
                }
            },
            "autoload": {
                "classmap": [
                    "src/"
                ]
            },
            "notification-url": "https://packagist.org/downloads/",
            "license": [
                "BSD-3-Clause",
                "GPL-2.0-only",
                "GPL-3.0-only"
            ],
            "authors": [
                {
                    "name": "David Grudl",
                    "homepage": "https://davidgrudl.com"
                },
                {
                    "name": "Nette Community",
                    "homepage": "https://nette.org/contributors"
                }
            ],
            "description": "☕ Latte: the intuitive and fast template engine for those who want the most secure PHP sites. Introduces context-sensitive escaping.",
            "homepage": "https://latte.nette.org",
            "keywords": [
                "context-sensitive",
                "engine",
                "escaping",
                "html",
                "nette",
                "security",
                "template",
                "twig"
            ],
            "time": "2021-02-22T11:17:13+00:00"
        }
    ],
    "packages-dev": [],
    "aliases": [],
    "minimum-stability": "stable",
    "stability-flags": [],
    "prefer-stable": false,
    "prefer-lowest": false,
    "platform": [],
    "platform-dev": []
}
